// !$*UTF8*$!
{
	archiveVersion = 1;
	classes = {
	};
	objectVersion = 46;
	objects = {

/* Begin PBXBuildFile section */
		2BB637C5390512E515650325 /* Pods_MenuKata.framework in Frameworks */ = {isa = PBXBuildFile; fileRef = A99E2605B129B17ED12F4500 /* Pods_MenuKata.framework */; };
		7964F5C10E6CBE827239314D /* Pods_MenuKataTests.framework in Frameworks */ = {isa = PBXBuildFile; fileRef = 371D2D83B1C2B30979F39137 /* Pods_MenuKataTests.framework */; };
		FEBD18081EA06BEB00EF9580 /* MenuCategoriesViewModel.swift in Sources */ = {isa = PBXBuildFile; fileRef = FEBD18071EA06BEB00EF9580 /* MenuCategoriesViewModel.swift */; };
		FEBD180A1EA06C0A00EF9580 /* MenuCategory.swift in Sources */ = {isa = PBXBuildFile; fileRef = FEBD18091EA06C0A00EF9580 /* MenuCategory.swift */; };
		FEBD180F1EA06D8F00EF9580 /* ProgressIndicatorTests.swift in Sources */ = {isa = PBXBuildFile; fileRef = FEBD180E1EA06D8F00EF9580 /* ProgressIndicatorTests.swift */; };
		FEBD18111EA06E5400EF9580 /* ProgressIndicator.swift in Sources */ = {isa = PBXBuildFile; fileRef = FEBD18101EA06E5400EF9580 /* ProgressIndicator.swift */; };
		FEC846DC1EA068880041CAAE /* AppDelegate.swift in Sources */ = {isa = PBXBuildFile; fileRef = FEC846DB1EA068880041CAAE /* AppDelegate.swift */; };
		FEC846DE1EA068880041CAAE /* MenuCategoriesTableViewController.swift in Sources */ = {isa = PBXBuildFile; fileRef = FEC846DD1EA068880041CAAE /* MenuCategoriesTableViewController.swift */; };
		FEC846E11EA068880041CAAE /* Main.storyboard in Resources */ = {isa = PBXBuildFile; fileRef = FEC846DF1EA068880041CAAE /* Main.storyboard */; };
		FEC846E31EA068880041CAAE /* Assets.xcassets in Resources */ = {isa = PBXBuildFile; fileRef = FEC846E21EA068880041CAAE /* Assets.xcassets */; };
		FEC846E61EA068880041CAAE /* LaunchScreen.storyboard in Resources */ = {isa = PBXBuildFile; fileRef = FEC846E41EA068880041CAAE /* LaunchScreen.storyboard */; };
/* End PBXBuildFile section */

/* Begin PBXContainerItemProxy section */
		FEC846ED1EA068880041CAAE /* PBXContainerItemProxy */ = {
			isa = PBXContainerItemProxy;
			containerPortal = FEC846D01EA068880041CAAE /* Project object */;
			proxyType = 1;
			remoteGlobalIDString = FEC846D71EA068880041CAAE;
			remoteInfo = MenuKata;
		};
/* End PBXContainerItemProxy section */

/* Begin PBXFileReference section */
		371D2D83B1C2B30979F39137 /* Pods_MenuKataTests.framework */ = {isa = PBXFileReference; explicitFileType = wrapper.framework; includeInIndex = 0; path = Pods_MenuKataTests.framework; sourceTree = BUILT_PRODUCTS_DIR; };
		3AF525F06200C4917ED9C96F /* Pods-MenuKataTests.debug.xcconfig */ = {isa = PBXFileReference; includeInIndex = 1; lastKnownFileType = text.xcconfig; name = "Pods-MenuKataTests.debug.xcconfig"; path = "Pods/Target Support Files/Pods-MenuKataTests/Pods-MenuKataTests.debug.xcconfig"; sourceTree = "<group>"; };
		5A32EB3114A0FAECDF210A75 /* Pods-MenuKata.debug.xcconfig */ = {isa = PBXFileReference; includeInIndex = 1; lastKnownFileType = text.xcconfig; name = "Pods-MenuKata.debug.xcconfig"; path = "Pods/Target Support Files/Pods-MenuKata/Pods-MenuKata.debug.xcconfig"; sourceTree = "<group>"; };
		95D3EF153C91AE2381E058BF /* Pods-MenuKataTests.release.xcconfig */ = {isa = PBXFileReference; includeInIndex = 1; lastKnownFileType = text.xcconfig; name = "Pods-MenuKataTests.release.xcconfig"; path = "Pods/Target Support Files/Pods-MenuKataTests/Pods-MenuKataTests.release.xcconfig"; sourceTree = "<group>"; };
		A99E2605B129B17ED12F4500 /* Pods_MenuKata.framework */ = {isa = PBXFileReference; explicitFileType = wrapper.framework; includeInIndex = 0; path = Pods_MenuKata.framework; sourceTree = BUILT_PRODUCTS_DIR; };
		E1E8D4D2397E937DB00F9180 /* Pods-MenuKata.release.xcconfig */ = {isa = PBXFileReference; includeInIndex = 1; lastKnownFileType = text.xcconfig; name = "Pods-MenuKata.release.xcconfig"; path = "Pods/Target Support Files/Pods-MenuKata/Pods-MenuKata.release.xcconfig"; sourceTree = "<group>"; };
		FEBD18071EA06BEB00EF9580 /* MenuCategoriesViewModel.swift */ = {isa = PBXFileReference; fileEncoding = 4; lastKnownFileType = sourcecode.swift; path = MenuCategoriesViewModel.swift; sourceTree = "<group>"; };
		FEBD18091EA06C0A00EF9580 /* MenuCategory.swift */ = {isa = PBXFileReference; fileEncoding = 4; lastKnownFileType = sourcecode.swift; path = MenuCategory.swift; sourceTree = "<group>"; };
		FEBD180B1EA06CC200EF9580 /* MenuKataTests-Bridging-Header.h */ = {isa = PBXFileReference; lastKnownFileType = sourcecode.c.h; path = "MenuKataTests-Bridging-Header.h"; sourceTree = "<group>"; };
		FEBD180E1EA06D8F00EF9580 /* ProgressIndicatorTests.swift */ = {isa = PBXFileReference; fileEncoding = 4; lastKnownFileType = sourcecode.swift; path = ProgressIndicatorTests.swift; sourceTree = "<group>"; };
		FEBD18101EA06E5400EF9580 /* ProgressIndicator.swift */ = {isa = PBXFileReference; fileEncoding = 4; lastKnownFileType = sourcecode.swift; path = ProgressIndicator.swift; sourceTree = "<group>"; };
		FEC846D81EA068880041CAAE /* MenuKata.app */ = {isa = PBXFileReference; explicitFileType = wrapper.application; includeInIndex = 0; path = MenuKata.app; sourceTree = BUILT_PRODUCTS_DIR; };
		FEC846DB1EA068880041CAAE /* AppDelegate.swift */ = {isa = PBXFileReference; lastKnownFileType = sourcecode.swift; path = AppDelegate.swift; sourceTree = "<group>"; };
		FEC846DD1EA068880041CAAE /* MenuCategoriesTableViewController.swift */ = {isa = PBXFileReference; lastKnownFileType = sourcecode.swift; path = MenuCategoriesTableViewController.swift; sourceTree = "<group>"; };
		FEC846E01EA068880041CAAE /* Base */ = {isa = PBXFileReference; lastKnownFileType = file.storyboard; name = Base; path = Base.lproj/Main.storyboard; sourceTree = "<group>"; };
		FEC846E21EA068880041CAAE /* Assets.xcassets */ = {isa = PBXFileReference; lastKnownFileType = folder.assetcatalog; path = Assets.xcassets; sourceTree = "<group>"; };
		FEC846E51EA068880041CAAE /* Base */ = {isa = PBXFileReference; lastKnownFileType = file.storyboard; name = Base; path = Base.lproj/LaunchScreen.storyboard; sourceTree = "<group>"; };
		FEC846E71EA068880041CAAE /* Info.plist */ = {isa = PBXFileReference; lastKnownFileType = text.plist.xml; path = Info.plist; sourceTree = "<group>"; };
		FEC846EC1EA068880041CAAE /* MenuKataTests.xctest */ = {isa = PBXFileReference; explicitFileType = wrapper.cfbundle; includeInIndex = 0; path = MenuKataTests.xctest; sourceTree = BUILT_PRODUCTS_DIR; };
		FEC846F21EA068880041CAAE /* Info.plist */ = {isa = PBXFileReference; lastKnownFileType = text.plist.xml; path = Info.plist; sourceTree = "<group>"; };
/* End PBXFileReference section */

/* Begin PBXFrameworksBuildPhase section */
		FEC846D51EA068880041CAAE /* Frameworks */ = {
			isa = PBXFrameworksBuildPhase;
			buildActionMask = 2147483647;
			files = (
				2BB637C5390512E515650325 /* Pods_MenuKata.framework in Frameworks */,
			);
			runOnlyForDeploymentPostprocessing = 0;
		};
		FEC846E91EA068880041CAAE /* Frameworks */ = {
			isa = PBXFrameworksBuildPhase;
			buildActionMask = 2147483647;
			files = (
				7964F5C10E6CBE827239314D /* Pods_MenuKataTests.framework in Frameworks */,
			);
			runOnlyForDeploymentPostprocessing = 0;
		};
/* End PBXFrameworksBuildPhase section */

/* Begin PBXGroup section */
		6EB6CED45A04B53932D9F6B7 /* Pods */ = {
			isa = PBXGroup;
			children = (
				5A32EB3114A0FAECDF210A75 /* Pods-MenuKata.debug.xcconfig */,
				E1E8D4D2397E937DB00F9180 /* Pods-MenuKata.release.xcconfig */,
				3AF525F06200C4917ED9C96F /* Pods-MenuKataTests.debug.xcconfig */,
				95D3EF153C91AE2381E058BF /* Pods-MenuKataTests.release.xcconfig */,
			);
			name = Pods;
			sourceTree = "<group>";
		};
		AC50B548DA8FDF135E7EF991 /* Frameworks */ = {
			isa = PBXGroup;
			children = (
				A99E2605B129B17ED12F4500 /* Pods_MenuKata.framework */,
				371D2D83B1C2B30979F39137 /* Pods_MenuKataTests.framework */,
			);
			name = Frameworks;
			sourceTree = "<group>";
		};
		FEC846CF1EA068880041CAAE = {
			isa = PBXGroup;
			children = (
				FEC846DA1EA068880041CAAE /* MenuKata */,
				FEC846EF1EA068880041CAAE /* MenuKataTests */,
				FEC846D91EA068880041CAAE /* Products */,
				6EB6CED45A04B53932D9F6B7 /* Pods */,
				AC50B548DA8FDF135E7EF991 /* Frameworks */,
			);
			sourceTree = "<group>";
		};
		FEC846D91EA068880041CAAE /* Products */ = {
			isa = PBXGroup;
			children = (
				FEC846D81EA068880041CAAE /* MenuKata.app */,
				FEC846EC1EA068880041CAAE /* MenuKataTests.xctest */,
			);
			name = Products;
			sourceTree = "<group>";
		};
		FEC846DA1EA068880041CAAE /* MenuKata */ = {
			isa = PBXGroup;
			children = (
				FEC846DB1EA068880041CAAE /* AppDelegate.swift */,
				FEC846DD1EA068880041CAAE /* MenuCategoriesTableViewController.swift */,
				FEBD18071EA06BEB00EF9580 /* MenuCategoriesViewModel.swift */,
				FEBD18091EA06C0A00EF9580 /* MenuCategory.swift */,
				FEBD18101EA06E5400EF9580 /* ProgressIndicator.swift */,
				FEC846DF1EA068880041CAAE /* Main.storyboard */,
				FEC846E21EA068880041CAAE /* Assets.xcassets */,
				FEC846E41EA068880041CAAE /* LaunchScreen.storyboard */,
				FEC846E71EA068880041CAAE /* Info.plist */,
			);
			path = MenuKata;
			sourceTree = "<group>";
		};
		FEC846EF1EA068880041CAAE /* MenuKataTests */ = {
			isa = PBXGroup;
			children = (
				FEC846F21EA068880041CAAE /* Info.plist */,
				FEBD180E1EA06D8F00EF9580 /* ProgressIndicatorTests.swift */,
				FEBD180B1EA06CC200EF9580 /* MenuKataTests-Bridging-Header.h */,
			);
			path = MenuKataTests;
			sourceTree = "<group>";
		};
/* End PBXGroup section */

/* Begin PBXNativeTarget section */
		FEC846D71EA068880041CAAE /* MenuKata */ = {
			isa = PBXNativeTarget;
			buildConfigurationList = FEC846F51EA068880041CAAE /* Build configuration list for PBXNativeTarget "MenuKata" */;
			buildPhases = (
				2736AB789F7F688E405782CB /* [CP] Check Pods Manifest.lock */,
				FEC846D41EA068880041CAAE /* Sources */,
				FEC846D51EA068880041CAAE /* Frameworks */,
				FEC846D61EA068880041CAAE /* Resources */,
				251A7E6A48DED225C3569295 /* [CP] Embed Pods Frameworks */,
				1A0EC2C3826EB2E3734EB69E /* [CP] Copy Pods Resources */,
			);
			buildRules = (
			);
			dependencies = (
			);
			name = MenuKata;
			productName = MenuKata;
			productReference = FEC846D81EA068880041CAAE /* MenuKata.app */;
			productType = "com.apple.product-type.application";
		};
		FEC846EB1EA068880041CAAE /* MenuKataTests */ = {
			isa = PBXNativeTarget;
			buildConfigurationList = FEC846F81EA068880041CAAE /* Build configuration list for PBXNativeTarget "MenuKataTests" */;
			buildPhases = (
				05217E273A65A4CF878936E4 /* [CP] Check Pods Manifest.lock */,
				FEC846E81EA068880041CAAE /* Sources */,
				FEC846E91EA068880041CAAE /* Frameworks */,
				FEC846EA1EA068880041CAAE /* Resources */,
				30EA668AFE74740C4293E760 /* [CP] Embed Pods Frameworks */,
				4BCBF46E6086D7519DF52CD7 /* [CP] Copy Pods Resources */,
			);
			buildRules = (
			);
			dependencies = (
				FEC846EE1EA068880041CAAE /* PBXTargetDependency */,
			);
			name = MenuKataTests;
			productName = MenuKataTests;
			productReference = FEC846EC1EA068880041CAAE /* MenuKataTests.xctest */;
			productType = "com.apple.product-type.bundle.unit-test";
		};
/* End PBXNativeTarget section */

/* Begin PBXProject section */
		FEC846D01EA068880041CAAE /* Project object */ = {
			isa = PBXProject;
			attributes = {
				LastSwiftUpdateCheck = 0830;
				LastUpgradeCheck = 0830;
				ORGANIZATIONNAME = Kata;
				TargetAttributes = {
					FEC846D71EA068880041CAAE = {
						CreatedOnToolsVersion = 8.3.1;
						ProvisioningStyle = Automatic;
					};
					FEC846EB1EA068880041CAAE = {
						CreatedOnToolsVersion = 8.3.1;
						LastSwiftMigration = 0830;
						ProvisioningStyle = Automatic;
						TestTargetID = FEC846D71EA068880041CAAE;
					};
				};
			};
			buildConfigurationList = FEC846D31EA068880041CAAE /* Build configuration list for PBXProject "MenuKata" */;
			compatibilityVersion = "Xcode 3.2";
			developmentRegion = English;
			hasScannedForEncodings = 0;
			knownRegions = (
				en,
				Base,
			);
			mainGroup = FEC846CF1EA068880041CAAE;
			productRefGroup = FEC846D91EA068880041CAAE /* Products */;
			projectDirPath = "";
			projectRoot = "";
			targets = (
				FEC846D71EA068880041CAAE /* MenuKata */,
				FEC846EB1EA068880041CAAE /* MenuKataTests */,
			);
		};
/* End PBXProject section */

/* Begin PBXResourcesBuildPhase section */
		FEC846D61EA068880041CAAE /* Resources */ = {
			isa = PBXResourcesBuildPhase;
			buildActionMask = 2147483647;
			files = (
				FEC846E61EA068880041CAAE /* LaunchScreen.storyboard in Resources */,
				FEC846E31EA068880041CAAE /* Assets.xcassets in Resources */,
				FEC846E11EA068880041CAAE /* Main.storyboard in Resources */,
			);
			runOnlyForDeploymentPostprocessing = 0;
		};
		FEC846EA1EA068880041CAAE /* Resources */ = {
			isa = PBXResourcesBuildPhase;
			buildActionMask = 2147483647;
			files = (
			);
			runOnlyForDeploymentPostprocessing = 0;
		};
/* End PBXResourcesBuildPhase section */

/* Begin PBXShellScriptBuildPhase section */
		05217E273A65A4CF878936E4 /* [CP] Check Pods Manifest.lock */ = {
			isa = PBXShellScriptBuildPhase;
			buildActionMask = 2147483647;
			files = (
			);
			inputPaths = (
			);
			name = "[CP] Check Pods Manifest.lock";
			outputPaths = (
			);
			runOnlyForDeploymentPostprocessing = 0;
			shellPath = /bin/sh;
			shellScript = "diff \"${PODS_ROOT}/../Podfile.lock\" \"${PODS_ROOT}/Manifest.lock\" > /dev/null\nif [ $? != 0 ] ; then\n    # print error to STDERR\n    echo \"error: The sandbox is not in sync with the Podfile.lock. Run 'pod install' or update your CocoaPods installation.\" >&2\n    exit 1\nfi\n";
			showEnvVarsInLog = 0;
		};
		1A0EC2C3826EB2E3734EB69E /* [CP] Copy Pods Resources */ = {
			isa = PBXShellScriptBuildPhase;
			buildActionMask = 2147483647;
			files = (
			);
			inputPaths = (
			);
			name = "[CP] Copy Pods Resources";
			outputPaths = (
			);
			runOnlyForDeploymentPostprocessing = 0;
			shellPath = /bin/sh;
			shellScript = "\"${SRCROOT}/Pods/Target Support Files/Pods-MenuKata/Pods-MenuKata-resources.sh\"\n";
			showEnvVarsInLog = 0;
		};
		251A7E6A48DED225C3569295 /* [CP] Embed Pods Frameworks */ = {
			isa = PBXShellScriptBuildPhase;
			buildActionMask = 2147483647;
			files = (
			);
			inputPaths = (
			);
			name = "[CP] Embed Pods Frameworks";
			outputPaths = (
			);
			runOnlyForDeploymentPostprocessing = 0;
			shellPath = /bin/sh;
			shellScript = "\"${SRCROOT}/Pods/Target Support Files/Pods-MenuKata/Pods-MenuKata-frameworks.sh\"\n";
			showEnvVarsInLog = 0;
		};
		2736AB789F7F688E405782CB /* [CP] Check Pods Manifest.lock */ = {
			isa = PBXShellScriptBuildPhase;
			buildActionMask = 2147483647;
			files = (
			);
			inputPaths = (
			);
			name = "[CP] Check Pods Manifest.lock";
			outputPaths = (
			);
			runOnlyForDeploymentPostprocessing = 0;
			shellPath = /bin/sh;
			shellScript = "diff \"${PODS_ROOT}/../Podfile.lock\" \"${PODS_ROOT}/Manifest.lock\" > /dev/null\nif [ $? != 0 ] ; then\n    # print error to STDERR\n    echo \"error: The sandbox is not in sync with the Podfile.lock. Run 'pod install' or update your CocoaPods installation.\" >&2\n    exit 1\nfi\n";
			showEnvVarsInLog = 0;
		};
		30EA668AFE74740C4293E760 /* [CP] Embed Pods Frameworks */ = {
			isa = PBXShellScriptBuildPhase;
			buildActionMask = 2147483647;
			files = (
			);
			inputPaths = (
			);
			name = "[CP] Embed Pods Frameworks";
			outputPaths = (
			);
			runOnlyForDeploymentPostprocessing = 0;
			shellPath = /bin/sh;
			shellScript = "\"${SRCROOT}/Pods/Target Support Files/Pods-MenuKataTests/Pods-MenuKataTests-frameworks.sh\"\n";
			showEnvVarsInLog = 0;
		};
		4BCBF46E6086D7519DF52CD7 /* [CP] Copy Pods Resources */ = {
			isa = PBXShellScriptBuildPhase;
			buildActionMask = 2147483647;
			files = (
			);
			inputPaths = (
			);
			name = "[CP] Copy Pods Resources";
			outputPaths = (
			);
			runOnlyForDeploymentPostprocessing = 0;
			shellPath = /bin/sh;
			shellScript = "\"${SRCROOT}/Pods/Target Support Files/Pods-MenuKataTests/Pods-MenuKataTests-resources.sh\"\n";
			showEnvVarsInLog = 0;
		};
/* End PBXShellScriptBuildPhase section */

/* Begin PBXSourcesBuildPhase section */
		FEC846D41EA068880041CAAE /* Sources */ = {
			isa = PBXSourcesBuildPhase;
			buildActionMask = 2147483647;
			files = (
				FEBD180A1EA06C0A00EF9580 /* MenuCategory.swift in Sources */,
				FEC846DE1EA068880041CAAE /* MenuCategoriesTableViewController.swift in Sources */,
				FEC846DC1EA068880041CAAE /* AppDelegate.swift in Sources */,
				FEBD18111EA06E5400EF9580 /* ProgressIndicator.swift in Sources */,
				FEBD18081EA06BEB00EF9580 /* MenuCategoriesViewModel.swift in Sources */,
			);
			runOnlyForDeploymentPostprocessing = 0;
		};
		FEC846E81EA068880041CAAE /* Sources */ = {
			isa = PBXSourcesBuildPhase;
			buildActionMask = 2147483647;
			files = (
				FEBD180F1EA06D8F00EF9580 /* ProgressIndicatorTests.swift in Sources */,
			);
			runOnlyForDeploymentPostprocessing = 0;
		};
/* End PBXSourcesBuildPhase section */

/* Begin PBXTargetDependency section */
		FEC846EE1EA068880041CAAE /* PBXTargetDependency */ = {
			isa = PBXTargetDependency;
			target = FEC846D71EA068880041CAAE /* MenuKata */;
			targetProxy = FEC846ED1EA068880041CAAE /* PBXContainerItemProxy */;
		};
/* End PBXTargetDependency section */

/* Begin PBXVariantGroup section */
		FEC846DF1EA068880041CAAE /* Main.storyboard */ = {
			isa = PBXVariantGroup;
			children = (
				FEC846E01EA068880041CAAE /* Base */,
			);
			name = Main.storyboard;
			sourceTree = "<group>";
		};
		FEC846E41EA068880041CAAE /* LaunchScreen.storyboard */ = {
			isa = PBXVariantGroup;
			children = (
				FEC846E51EA068880041CAAE /* Base */,
			);
			name = LaunchScreen.storyboard;
			sourceTree = "<group>";
		};
/* End PBXVariantGroup section */

/* Begin XCBuildConfiguration section */
		FEC846F31EA068880041CAAE /* Debug */ = {
			isa = XCBuildConfiguration;
			buildSettings = {
				ALWAYS_SEARCH_USER_PATHS = NO;
				CLANG_ANALYZER_NONNULL = YES;
				CLANG_ANALYZER_NUMBER_OBJECT_CONVERSION = YES_AGGRESSIVE;
				CLANG_CXX_LANGUAGE_STANDARD = "gnu++0x";
				CLANG_CXX_LIBRARY = "libc++";
				CLANG_ENABLE_MODULES = YES;
				CLANG_ENABLE_OBJC_ARC = YES;
				CLANG_WARN_BOOL_CONVERSION = YES;
				CLANG_WARN_CONSTANT_CONVERSION = YES;
				CLANG_WARN_DIRECT_OBJC_ISA_USAGE = YES_ERROR;
				CLANG_WARN_DOCUMENTATION_COMMENTS = YES;
				CLANG_WARN_EMPTY_BODY = YES;
				CLANG_WARN_ENUM_CONVERSION = YES;
				CLANG_WARN_INFINITE_RECURSION = YES;
				CLANG_WARN_INT_CONVERSION = YES;
				CLANG_WARN_OBJC_ROOT_CLASS = YES_ERROR;
				CLANG_WARN_SUSPICIOUS_MOVE = YES;
				CLANG_WARN_UNREACHABLE_CODE = YES;
				CLANG_WARN__DUPLICATE_METHOD_MATCH = YES;
				"CODE_SIGN_IDENTITY[sdk=iphoneos*]" = "iPhone Developer";
				COPY_PHASE_STRIP = NO;
				DEBUG_INFORMATION_FORMAT = dwarf;
				ENABLE_STRICT_OBJC_MSGSEND = YES;
				ENABLE_TESTABILITY = YES;
				GCC_C_LANGUAGE_STANDARD = gnu99;
				GCC_DYNAMIC_NO_PIC = NO;
				GCC_NO_COMMON_BLOCKS = YES;
				GCC_OPTIMIZATION_LEVEL = 0;
				GCC_PREPROCESSOR_DEFINITIONS = (
					"DEBUG=1",
					"$(inherited)",
				);
				GCC_WARN_64_TO_32_BIT_CONVERSION = YES;
				GCC_WARN_ABOUT_RETURN_TYPE = YES_ERROR;
				GCC_WARN_UNDECLARED_SELECTOR = YES;
				GCC_WARN_UNINITIALIZED_AUTOS = YES_AGGRESSIVE;
				GCC_WARN_UNUSED_FUNCTION = YES;
				GCC_WARN_UNUSED_VARIABLE = YES;
				IPHONEOS_DEPLOYMENT_TARGET = 10.3;
				MTL_ENABLE_DEBUG_INFO = YES;
				ONLY_ACTIVE_ARCH = YES;
				SDKROOT = iphoneos;
				SWIFT_ACTIVE_COMPILATION_CONDITIONS = DEBUG;
				SWIFT_OPTIMIZATION_LEVEL = "-Onone";
				TARGETED_DEVICE_FAMILY = "1,2";
			};
			name = Debug;
		};
		FEC846F41EA068880041CAAE /* Release */ = {
			isa = XCBuildConfiguration;
			buildSettings = {
				ALWAYS_SEARCH_USER_PATHS = NO;
				CLANG_ANALYZER_NONNULL = YES;
				CLANG_ANALYZER_NUMBER_OBJECT_CONVERSION = YES_AGGRESSIVE;
				CLANG_CXX_LANGUAGE_STANDARD = "gnu++0x";
				CLANG_CXX_LIBRARY = "libc++";
				CLANG_ENABLE_MODULES = YES;
				CLANG_ENABLE_OBJC_ARC = YES;
				CLANG_WARN_BOOL_CONVERSION = YES;
				CLANG_WARN_CONSTANT_CONVERSION = YES;
				CLANG_WARN_DIRECT_OBJC_ISA_USAGE = YES_ERROR;
				CLANG_WARN_DOCUMENTATION_COMMENTS = YES;
				CLANG_WARN_EMPTY_BODY = YES;
				CLANG_WARN_ENUM_CONVERSION = YES;
				CLANG_WARN_INFINITE_RECURSION = YES;
				CLANG_WARN_INT_CONVERSION = YES;
				CLANG_WARN_OBJC_ROOT_CLASS = YES_ERROR;
				CLANG_WARN_SUSPICIOUS_MOVE = YES;
				CLANG_WARN_UNREACHABLE_CODE = YES;
				CLANG_WARN__DUPLICATE_METHOD_MATCH = YES;
				"CODE_SIGN_IDENTITY[sdk=iphoneos*]" = "iPhone Developer";
				COPY_PHASE_STRIP = NO;
				DEBUG_INFORMATION_FORMAT = "dwarf-with-dsym";
				ENABLE_NS_ASSERTIONS = NO;
				ENABLE_STRICT_OBJC_MSGSEND = YES;
				GCC_C_LANGUAGE_STANDARD = gnu99;
				GCC_NO_COMMON_BLOCKS = YES;
				GCC_WARN_64_TO_32_BIT_CONVERSION = YES;
				GCC_WARN_ABOUT_RETURN_TYPE = YES_ERROR;
				GCC_WARN_UNDECLARED_SELECTOR = YES;
				GCC_WARN_UNINITIALIZED_AUTOS = YES_AGGRESSIVE;
				GCC_WARN_UNUSED_FUNCTION = YES;
				GCC_WARN_UNUSED_VARIABLE = YES;
				IPHONEOS_DEPLOYMENT_TARGET = 10.3;
				MTL_ENABLE_DEBUG_INFO = NO;
				SDKROOT = iphoneos;
				SWIFT_OPTIMIZATION_LEVEL = "-Owholemodule";
				TARGETED_DEVICE_FAMILY = "1,2";
				VALIDATE_PRODUCT = YES;
			};
			name = Release;
		};
		FEC846F61EA068880041CAAE /* Debug */ = {
			isa = XCBuildConfiguration;
			baseConfigurationReference = 5A32EB3114A0FAECDF210A75 /* Pods-MenuKata.debug.xcconfig */;
			buildSettings = {
				ASSETCATALOG_COMPILER_APPICON_NAME = AppIcon;
				INFOPLIST_FILE = MenuKata/Info.plist;
				LD_RUNPATH_SEARCH_PATHS = "$(inherited) @executable_path/Frameworks";
				PRODUCT_BUNDLE_IDENTIFIER = com.kata.MenuKata;
				PRODUCT_NAME = "$(TARGET_NAME)";
				SWIFT_VERSION = 3.0;
			};
			name = Debug;
		};
		FEC846F71EA068880041CAAE /* Release */ = {
			isa = XCBuildConfiguration;
			baseConfigurationReference = E1E8D4D2397E937DB00F9180 /* Pods-MenuKata.release.xcconfig */;
			buildSettings = {
				ASSETCATALOG_COMPILER_APPICON_NAME = AppIcon;
				INFOPLIST_FILE = MenuKata/Info.plist;
				LD_RUNPATH_SEARCH_PATHS = "$(inherited) @executable_path/Frameworks";
				PRODUCT_BUNDLE_IDENTIFIER = com.kata.MenuKata;
				PRODUCT_NAME = "$(TARGET_NAME)";
				SWIFT_VERSION = 3.0;
			};
			name = Release;
		};
		FEC846F91EA068880041CAAE /* Debug */ = {
			isa = XCBuildConfiguration;
			baseConfigurationReference = 3AF525F06200C4917ED9C96F /* Pods-MenuKataTests.debug.xcconfig */;
			buildSettings = {
				ALWAYS_EMBED_SWIFT_STANDARD_LIBRARIES = YES;
				BUNDLE_LOADER = "$(TEST_HOST)";
				CLANG_ENABLE_MODULES = YES;
				INFOPLIST_FILE = MenuKataTests/Info.plist;
				LD_RUNPATH_SEARCH_PATHS = "$(inherited) @executable_path/Frameworks @loader_path/Frameworks";
				PRODUCT_BUNDLE_IDENTIFIER = com.kata.MenuKataTests;
				PRODUCT_NAME = "$(TARGET_NAME)";
				SWIFT_OBJC_BRIDGING_HEADER = "MenuKataTests/MenuKataTests-Bridging-Header.h";
				SWIFT_OPTIMIZATION_LEVEL = "-Onone";
				SWIFT_VERSION = 3.0;
				TEST_HOST = "$(BUILT_PRODUCTS_DIR)/MenuKata.app/MenuKata";
			};
			name = Debug;
		};
		FEC846FA1EA068880041CAAE /* Release */ = {
			isa = XCBuildConfiguration;
			baseConfigurationReference = 95D3EF153C91AE2381E058BF /* Pods-MenuKataTests.release.xcconfig */;
			buildSettings = {
				ALWAYS_EMBED_SWIFT_STANDARD_LIBRARIES = YES;
				BUNDLE_LOADER = "$(TEST_HOST)";
				CLANG_ENABLE_MODULES = YES;
				INFOPLIST_FILE = MenuKataTests/Info.plist;
				LD_RUNPATH_SEARCH_PATHS = "$(inherited) @executable_path/Frameworks @loader_path/Frameworks";
				PRODUCT_BUNDLE_IDENTIFIER = com.kata.MenuKataTests;
				PRODUCT_NAME = "$(TARGET_NAME)";
				SWIFT_OBJC_BRIDGING_HEADER = "MenuKataTests/MenuKataTests-Bridging-Header.h";
				SWIFT_VERSION = 3.0;
				TEST_HOST = "$(BUILT_PRODUCTS_DIR)/MenuKata.app/MenuKata";
			};
			name = Release;
		};
/* End XCBuildConfiguration section */

/* Begin XCConfigurationList section */
		FEC846D31EA068880041CAAE /* Build configuration list for PBXProject "MenuKata" */ = {
			isa = XCConfigurationList;
			buildConfigurations = (
				FEC846F31EA068880041CAAE /* Debug */,
				FEC846F41EA068880041CAAE /* Release */,
			);
			defaultConfigurationIsVisible = 0;
			defaultConfigurationName = Release;
		};
		FEC846F51EA068880041CAAE /* Build configuration list for PBXNativeTarget "MenuKata" */ = {
			isa = XCConfigurationList;
			buildConfigurations = (
				FEC846F61EA068880041CAAE /* Debug */,
				FEC846F71EA068880041CAAE /* Release */,
			);
			defaultConfigurationIsVisible = 0;
			defaultConfigurationName = Release;
		};
		FEC846F81EA068880041CAAE /* Build configuration list for PBXNativeTarget "MenuKataTests" */ = {
			isa = XCConfigurationList;
			buildConfigurations = (
				FEC846F91EA068880041CAAE /* Debug */,
				FEC846FA1EA068880041CAAE /* Release */,
			);
			defaultConfigurationIsVisible = 0;
			defaultConfigurationName = Release;
		};
/* End XCConfigurationList section */
	};
	rootObject = FEC846D01EA068880041CAAE /* Project object */;
}
